// !$*UTF8*$!
{
	archiveVersion = 1;
	classes = {
	};
	objectVersion = 46;
	objects = {

/* Begin PBXBuildFile section */
		14ED84F71F748ED400C005EE /* AppDelegate.swift in Sources */ = {isa = PBXBuildFile; fileRef = 14ED84F61F748ED400C005EE /* AppDelegate.swift */; };
		14ED84F91F748ED400C005EE /* ViewController.swift in Sources */ = {isa = PBXBuildFile; fileRef = 14ED84F81F748ED400C005EE /* ViewController.swift */; };
		14ED84FC1F748ED400C005EE /* Main.storyboard in Resources */ = {isa = PBXBuildFile; fileRef = 14ED84FA1F748ED400C005EE /* Main.storyboard */; };
		14ED84FF1F748ED400C005EE /* myCats.xcdatamodeld in Sources */ = {isa = PBXBuildFile; fileRef = 14ED84FD1F748ED400C005EE /* myCats.xcdatamodeld */; };
		14ED85011F748ED400C005EE /* Assets.xcassets in Resources */ = {isa = PBXBuildFile; fileRef = 14ED85001F748ED400C005EE /* Assets.xcassets */; };
		14ED85041F748ED400C005EE /* LaunchScreen.storyboard in Resources */ = {isa = PBXBuildFile; fileRef = 14ED85021F748ED400C005EE /* LaunchScreen.storyboard */; };
		14ED850F1F748ED400C005EE /* myCatsTests.swift in Sources */ = {isa = PBXBuildFile; fileRef = 14ED850E1F748ED400C005EE /* myCatsTests.swift */; };
		14ED851A1F748ED400C005EE /* myCatsUITests.swift in Sources */ = {isa = PBXBuildFile; fileRef = 14ED85191F748ED400C005EE /* myCatsUITests.swift */; };
		14ED85281F749B8D00C005EE /* CustomCollectionViewCell.swift in Sources */ = {isa = PBXBuildFile; fileRef = 14ED85271F749B8D00C005EE /* CustomCollectionViewCell.swift */; };
		14ED852A1F74A95900C005EE /* AddCatController.swift in Sources */ = {isa = PBXBuildFile; fileRef = 14ED85291F74A95900C005EE /* AddCatController.swift */; };
		14ED852C1F74BD5300C005EE /* AddCatDelegate.swift in Sources */ = {isa = PBXBuildFile; fileRef = 14ED852B1F74BD5300C005EE /* AddCatDelegate.swift */; };
		14ED852E1F74DAD100C005EE /* EditTableViewController.swift in Sources */ = {isa = PBXBuildFile; fileRef = 14ED852D1F74DAD100C005EE /* EditTableViewController.swift */; };
/* End PBXBuildFile section */

/* Begin PBXContainerItemProxy section */
		14ED850B1F748ED400C005EE /* PBXContainerItemProxy */ = {
			isa = PBXContainerItemProxy;
			containerPortal = 14ED84EB1F748ED300C005EE /* Project object */;
			proxyType = 1;
			remoteGlobalIDString = 14ED84F21F748ED400C005EE;
			remoteInfo = myCats;
		};
		14ED85161F748ED400C005EE /* PBXContainerItemProxy */ = {
			isa = PBXContainerItemProxy;
			containerPortal = 14ED84EB1F748ED300C005EE /* Project object */;
			proxyType = 1;
			remoteGlobalIDString = 14ED84F21F748ED400C005EE;
			remoteInfo = myCats;
		};
/* End PBXContainerItemProxy section */

/* Begin PBXFileReference section */
		14ED84F31F748ED400C005EE /* myCats.app */ = {isa = PBXFileReference; explicitFileType = wrapper.application; includeInIndex = 0; path = myCats.app; sourceTree = BUILT_PRODUCTS_DIR; };
		14ED84F61F748ED400C005EE /* AppDelegate.swift */ = {isa = PBXFileReference; lastKnownFileType = sourcecode.swift; path = AppDelegate.swift; sourceTree = "<group>"; };
		14ED84F81F748ED400C005EE /* ViewController.swift */ = {isa = PBXFileReference; lastKnownFileType = sourcecode.swift; path = ViewController.swift; sourceTree = "<group>"; };
		14ED84FB1F748ED400C005EE /* Base */ = {isa = PBXFileReference; lastKnownFileType = file.storyboard; name = Base; path = Base.lproj/Main.storyboard; sourceTree = "<group>"; };
		14ED84FE1F748ED400C005EE /* myCats.xcdatamodel */ = {isa = PBXFileReference; lastKnownFileType = wrapper.xcdatamodel; path = myCats.xcdatamodel; sourceTree = "<group>"; };
		14ED85001F748ED400C005EE /* Assets.xcassets */ = {isa = PBXFileReference; lastKnownFileType = folder.assetcatalog; path = Assets.xcassets; sourceTree = "<group>"; };
		14ED85031F748ED400C005EE /* Base */ = {isa = PBXFileReference; lastKnownFileType = file.storyboard; name = Base; path = Base.lproj/LaunchScreen.storyboard; sourceTree = "<group>"; };
		14ED85051F748ED400C005EE /* Info.plist */ = {isa = PBXFileReference; lastKnownFileType = text.plist.xml; path = Info.plist; sourceTree = "<group>"; };
		14ED850A1F748ED400C005EE /* myCatsTests.xctest */ = {isa = PBXFileReference; explicitFileType = wrapper.cfbundle; includeInIndex = 0; path = myCatsTests.xctest; sourceTree = BUILT_PRODUCTS_DIR; };
		14ED850E1F748ED400C005EE /* myCatsTests.swift */ = {isa = PBXFileReference; lastKnownFileType = sourcecode.swift; path = myCatsTests.swift; sourceTree = "<group>"; };
		14ED85101F748ED400C005EE /* Info.plist */ = {isa = PBXFileReference; lastKnownFileType = text.plist.xml; path = Info.plist; sourceTree = "<group>"; };
		14ED85151F748ED400C005EE /* myCatsUITests.xctest */ = {isa = PBXFileReference; explicitFileType = wrapper.cfbundle; includeInIndex = 0; path = myCatsUITests.xctest; sourceTree = BUILT_PRODUCTS_DIR; };
		14ED85191F748ED400C005EE /* myCatsUITests.swift */ = {isa = PBXFileReference; lastKnownFileType = sourcecode.swift; path = myCatsUITests.swift; sourceTree = "<group>"; };
		14ED851B1F748ED400C005EE /* Info.plist */ = {isa = PBXFileReference; lastKnownFileType = text.plist.xml; path = Info.plist; sourceTree = "<group>"; };
		14ED85271F749B8D00C005EE /* CustomCollectionViewCell.swift */ = {isa = PBXFileReference; fileEncoding = 4; lastKnownFileType = sourcecode.swift; path = CustomCollectionViewCell.swift; sourceTree = "<group>"; };
		14ED85291F74A95900C005EE /* AddCatController.swift */ = {isa = PBXFileReference; fileEncoding = 4; lastKnownFileType = sourcecode.swift; path = AddCatController.swift; sourceTree = "<group>"; };
		14ED852B1F74BD5300C005EE /* AddCatDelegate.swift */ = {isa = PBXFileReference; fileEncoding = 4; lastKnownFileType = sourcecode.swift; path = AddCatDelegate.swift; sourceTree = "<group>"; };
		14ED852D1F74DAD100C005EE /* EditTableViewController.swift */ = {isa = PBXFileReference; fileEncoding = 4; lastKnownFileType = sourcecode.swift; path = EditTableViewController.swift; sourceTree = "<group>"; };
/* End PBXFileReference section */

/* Begin PBXFrameworksBuildPhase section */
		14ED84F01F748ED400C005EE /* Frameworks */ = {
			isa = PBXFrameworksBuildPhase;
			buildActionMask = 2147483647;
			files = (
			);
			runOnlyForDeploymentPostprocessing = 0;
		};
		14ED85071F748ED400C005EE /* Frameworks */ = {
			isa = PBXFrameworksBuildPhase;
			buildActionMask = 2147483647;
			files = (
			);
			runOnlyForDeploymentPostprocessing = 0;
		};
		14ED85121F748ED400C005EE /* Frameworks */ = {
			isa = PBXFrameworksBuildPhase;
			buildActionMask = 2147483647;
			files = (
			);
			runOnlyForDeploymentPostprocessing = 0;
		};
/* End PBXFrameworksBuildPhase section */

/* Begin PBXGroup section */
		14ED84EA1F748ED300C005EE = {
			isa = PBXGroup;
			children = (
				14ED84F51F748ED400C005EE /* myCats */,
				14ED850D1F748ED400C005EE /* myCatsTests */,
				14ED85181F748ED400C005EE /* myCatsUITests */,
				14ED84F41F748ED400C005EE /* Products */,
			);
			sourceTree = "<group>";
		};
		14ED84F41F748ED400C005EE /* Products */ = {
			isa = PBXGroup;
			children = (
				14ED84F31F748ED400C005EE /* myCats.app */,
				14ED850A1F748ED400C005EE /* myCatsTests.xctest */,
				14ED85151F748ED400C005EE /* myCatsUITests.xctest */,
			);
			name = Products;
			sourceTree = "<group>";
		};
		14ED84F51F748ED400C005EE /* myCats */ = {
			isa = PBXGroup;
			children = (
				14ED84F61F748ED400C005EE /* AppDelegate.swift */,
				14ED84F81F748ED400C005EE /* ViewController.swift */,
				14ED85291F74A95900C005EE /* AddCatController.swift */,
				14ED852D1F74DAD100C005EE /* EditTableViewController.swift */,
				14ED85271F749B8D00C005EE /* CustomCollectionViewCell.swift */,
				14ED852B1F74BD5300C005EE /* AddCatDelegate.swift */,
				14ED84FA1F748ED400C005EE /* Main.storyboard */,
				14ED85001F748ED400C005EE /* Assets.xcassets */,
				14ED85021F748ED400C005EE /* LaunchScreen.storyboard */,
				14ED85051F748ED400C005EE /* Info.plist */,
				14ED84FD1F748ED400C005EE /* myCats.xcdatamodeld */,
			);
			path = myCats;
			sourceTree = "<group>";
		};
		14ED850D1F748ED400C005EE /* myCatsTests */ = {
			isa = PBXGroup;
			children = (
				14ED850E1F748ED400C005EE /* myCatsTests.swift */,
				14ED85101F748ED400C005EE /* Info.plist */,
			);
			path = myCatsTests;
			sourceTree = "<group>";
		};
		14ED85181F748ED400C005EE /* myCatsUITests */ = {
			isa = PBXGroup;
			children = (
				14ED85191F748ED400C005EE /* myCatsUITests.swift */,
				14ED851B1F748ED400C005EE /* Info.plist */,
			);
			path = myCatsUITests;
			sourceTree = "<group>";
		};
/* End PBXGroup section */

/* Begin PBXNativeTarget section */
		14ED84F21F748ED400C005EE /* myCats */ = {
			isa = PBXNativeTarget;
			buildConfigurationList = 14ED851E1F748ED400C005EE /* Build configuration list for PBXNativeTarget "myCats" */;
			buildPhases = (
				14ED84EF1F748ED400C005EE /* Sources */,
				14ED84F01F748ED400C005EE /* Frameworks */,
				14ED84F11F748ED400C005EE /* Resources */,
			);
			buildRules = (
			);
			dependencies = (
			);
			name = myCats;
			productName = myCats;
			productReference = 14ED84F31F748ED400C005EE /* myCats.app */;
			productType = "com.apple.product-type.application";
		};
		14ED85091F748ED400C005EE /* myCatsTests */ = {
			isa = PBXNativeTarget;
			buildConfigurationList = 14ED85211F748ED400C005EE /* Build configuration list for PBXNativeTarget "myCatsTests" */;
			buildPhases = (
				14ED85061F748ED400C005EE /* Sources */,
				14ED85071F748ED400C005EE /* Frameworks */,
				14ED85081F748ED400C005EE /* Resources */,
			);
			buildRules = (
			);
			dependencies = (
				14ED850C1F748ED400C005EE /* PBXTargetDependency */,
			);
			name = myCatsTests;
			productName = myCatsTests;
			productReference = 14ED850A1F748ED400C005EE /* myCatsTests.xctest */;
			productType = "com.apple.product-type.bundle.unit-test";
		};
		14ED85141F748ED400C005EE /* myCatsUITests */ = {
			isa = PBXNativeTarget;
			buildConfigurationList = 14ED85241F748ED400C005EE /* Build configuration list for PBXNativeTarget "myCatsUITests" */;
			buildPhases = (
				14ED85111F748ED400C005EE /* Sources */,
				14ED85121F748ED400C005EE /* Frameworks */,
				14ED85131F748ED400C005EE /* Resources */,
			);
			buildRules = (
			);
			dependencies = (
				14ED85171F748ED400C005EE /* PBXTargetDependency */,
			);
			name = myCatsUITests;
			productName = myCatsUITests;
			productReference = 14ED85151F748ED400C005EE /* myCatsUITests.xctest */;
			productType = "com.apple.product-type.bundle.ui-testing";
		};
/* End PBXNativeTarget section */

/* Begin PBXProject section */
		14ED84EB1F748ED300C005EE /* Project object */ = {
			isa = PBXProject;
			attributes = {
				LastSwiftUpdateCheck = 0830;
				LastUpgradeCheck = 0830;
				ORGANIZATIONNAME = "Imron Hajiahmad";
				TargetAttributes = {
					14ED84F21F748ED400C005EE = {
						CreatedOnToolsVersion = 8.3.3;
						ProvisioningStyle = Automatic;
					};
					14ED85091F748ED400C005EE = {
						CreatedOnToolsVersion = 8.3.3;
						ProvisioningStyle = Automatic;
						TestTargetID = 14ED84F21F748ED400C005EE;
					};
					14ED85141F748ED400C005EE = {
						CreatedOnToolsVersion = 8.3.3;
						ProvisioningStyle = Automatic;
						TestTargetID = 14ED84F21F748ED400C005EE;
					};
				};
			};
			buildConfigurationList = 14ED84EE1F748ED300C005EE /* Build configuration list for PBXProject "myCats" */;
			compatibilityVersion = "Xcode 3.2";
			developmentRegion = English;
			hasScannedForEncodings = 0;
			knownRegions = (
				en,
				Base,
			);
			mainGroup = 14ED84EA1F748ED300C005EE;
			productRefGroup = 14ED84F41F748ED400C005EE /* Products */;
			projectDirPath = "";
			projectRoot = "";
			targets = (
				14ED84F21F748ED400C005EE /* myCats */,
				14ED85091F748ED400C005EE /* myCatsTests */,
				14ED85141F748ED400C005EE /* myCatsUITests */,
			);
		};
/* End PBXProject section */

/* Begin PBXResourcesBuildPhase section */
		14ED84F11F748ED400C005EE /* Resources */ = {
			isa = PBXResourcesBuildPhase;
			buildActionMask = 2147483647;
			files = (
				14ED85041F748ED400C005EE /* LaunchScreen.storyboard in Resources */,
				14ED85011F748ED400C005EE /* Assets.xcassets in Resources */,
				14ED84FC1F748ED400C005EE /* Main.storyboard in Resources */,
			);
			runOnlyForDeploymentPostprocessing = 0;
		};
		14ED85081F748ED400C005EE /* Resources */ = {
			isa = PBXResourcesBuildPhase;
			buildActionMask = 2147483647;
			files = (
			);
			runOnlyForDeploymentPostprocessing = 0;
		};
		14ED85131F748ED400C005EE /* Resources */ = {
			isa = PBXResourcesBuildPhase;
			buildActionMask = 2147483647;
			files = (
			);
			runOnlyForDeploymentPostprocessing = 0;
		};
/* End PBXResourcesBuildPhase section */

/* Begin PBXSourcesBuildPhase section */
		14ED84EF1F748ED400C005EE /* Sources */ = {
			isa = PBXSourcesBuildPhase;
			buildActionMask = 2147483647;
			files = (
				14ED84FF1F748ED400C005EE /* myCats.xcdatamodeld in Sources */,
				14ED84F91F748ED400C005EE /* ViewController.swift in Sources */,
				14ED852A1F74A95900C005EE /* AddCatController.swift in Sources */,
				14ED852E1F74DAD100C005EE /* EditTableViewController.swift in Sources */,
				14ED84F71F748ED400C005EE /* AppDelegate.swift in Sources */,
				14ED85281F749B8D00C005EE /* CustomCollectionViewCell.swift in Sources */,
				14ED852C1F74BD5300C005EE /* AddCatDelegate.swift in Sources */,
			);
			runOnlyForDeploymentPostprocessing = 0;
		};
		14ED85061F748ED400C005EE /* Sources */ = {
			isa = PBXSourcesBuildPhase;
			buildActionMask = 2147483647;
			files = (
				14ED850F1F748ED400C005EE /* myCatsTests.swift in Sources */,
			);
			runOnlyForDeploymentPostprocessing = 0;
		};
		14ED85111F748ED400C005EE /* Sources */ = {
			isa = PBXSourcesBuildPhase;
			buildActionMask = 2147483647;
			files = (
				14ED851A1F748ED400C005EE /* myCatsUITests.swift in Sources */,
			);
			runOnlyForDeploymentPostprocessing = 0;
		};
/* End PBXSourcesBuildPhase section */

/* Begin PBXTargetDependency section */
		14ED850C1F748ED400C005EE /* PBXTargetDependency */ = {
			isa = PBXTargetDependency;
			target = 14ED84F21F748ED400C005EE /* myCats */;
			targetProxy = 14ED850B1F748ED400C005EE /* PBXContainerItemProxy */;
		};
		14ED85171F748ED400C005EE /* PBXTargetDependency */ = {
			isa = PBXTargetDependency;
			target = 14ED84F21F748ED400C005EE /* myCats */;
			targetProxy = 14ED85161F748ED400C005EE /* PBXContainerItemProxy */;
		};
/* End PBXTargetDependency section */

/* Begin PBXVariantGroup section */
		14ED84FA1F748ED400C005EE /* Main.storyboard */ = {
			isa = PBXVariantGroup;
			children = (
				14ED84FB1F748ED400C005EE /* Base */,
			);
			name = Main.storyboard;
			sourceTree = "<group>";
		};
		14ED85021F748ED400C005EE /* LaunchScreen.storyboard */ = {
			isa = PBXVariantGroup;
			children = (
				14ED85031F748ED400C005EE /* Base */,
			);
			name = LaunchScreen.storyboard;
			sourceTree = "<group>";
		};
/* End PBXVariantGroup section */

/* Begin XCBuildConfiguration section */
		14ED851C1F748ED400C005EE /* Debug */ = {
			isa = XCBuildConfiguration;
			buildSettings = {
				ALWAYS_SEARCH_USER_PATHS = NO;
				CLANG_ANALYZER_NONNULL = YES;
				CLANG_ANALYZER_NUMBER_OBJECT_CONVERSION = YES_AGGRESSIVE;
				CLANG_CXX_LANGUAGE_STANDARD = "gnu++0x";
				CLANG_CXX_LIBRARY = "libc++";
				CLANG_ENABLE_MODULES = YES;
				CLANG_ENABLE_OBJC_ARC = YES;
				CLANG_WARN_BOOL_CONVERSION = YES;
				CLANG_WARN_CONSTANT_CONVERSION = YES;
				CLANG_WARN_DIRECT_OBJC_ISA_USAGE = YES_ERROR;
				CLANG_WARN_DOCUMENTATION_COMMENTS = YES;
				CLANG_WARN_EMPTY_BODY = YES;
				CLANG_WARN_ENUM_CONVERSION = YES;
				CLANG_WARN_INFINITE_RECURSION = YES;
				CLANG_WARN_INT_CONVERSION = YES;
				CLANG_WARN_OBJC_ROOT_CLASS = YES_ERROR;
				CLANG_WARN_SUSPICIOUS_MOVE = YES;
				CLANG_WARN_UNREACHABLE_CODE = YES;
				CLANG_WARN__DUPLICATE_METHOD_MATCH = YES;
				"CODE_SIGN_IDENTITY[sdk=iphoneos*]" = "iPhone Developer";
				COPY_PHASE_STRIP = NO;
				DEBUG_INFORMATION_FORMAT = dwarf;
				ENABLE_STRICT_OBJC_MSGSEND = YES;
				ENABLE_TESTABILITY = YES;
				GCC_C_LANGUAGE_STANDARD = gnu99;
				GCC_DYNAMIC_NO_PIC = NO;
				GCC_NO_COMMON_BLOCKS = YES;
				GCC_OPTIMIZATION_LEVEL = 0;
				GCC_PREPROCESSOR_DEFINITIONS = (
					"DEBUG=1",
					"$(inherited)",
				);
				GCC_WARN_64_TO_32_BIT_CONVERSION = YES;
				GCC_WARN_ABOUT_RETURN_TYPE = YES_ERROR;
				GCC_WARN_UNDECLARED_SELECTOR = YES;
				GCC_WARN_UNINITIALIZED_AUTOS = YES_AGGRESSIVE;
				GCC_WARN_UNUSED_FUNCTION = YES;
				GCC_WARN_UNUSED_VARIABLE = YES;
				IPHONEOS_DEPLOYMENT_TARGET = 10.3;
				MTL_ENABLE_DEBUG_INFO = YES;
				ONLY_ACTIVE_ARCH = YES;
				SDKROOT = iphoneos;
				SWIFT_ACTIVE_COMPILATION_CONDITIONS = DEBUG;
				SWIFT_OPTIMIZATION_LEVEL = "-Onone";
				TARGETED_DEVICE_FAMILY = "1,2";
			};
			name = Debug;
		};
		14ED851D1F748ED400C005EE /* Release */ = {
			isa = XCBuildConfiguration;
			buildSettings = {
				ALWAYS_SEARCH_USER_PATHS = NO;
				CLANG_ANALYZER_NONNULL = YES;
				CLANG_ANALYZER_NUMBER_OBJECT_CONVERSION = YES_AGGRESSIVE;
				CLANG_CXX_LANGUAGE_STANDARD = "gnu++0x";
				CLANG_CXX_LIBRARY = "libc++";
				CLANG_ENABLE_MODULES = YES;
				CLANG_ENABLE_OBJC_ARC = YES;
				CLANG_WARN_BOOL_CONVERSION = YES;
				CLANG_WARN_CONSTANT_CONVERSION = YES;
				CLANG_WARN_DIRECT_OBJC_ISA_USAGE = YES_ERROR;
				CLANG_WARN_DOCUMENTATION_COMMENTS = YES;
				CLANG_WARN_EMPTY_BODY = YES;
				CLANG_WARN_ENUM_CONVERSION = YES;
				CLANG_WARN_INFINITE_RECURSION = YES;
				CLANG_WARN_INT_CONVERSION = YES;
				CLANG_WARN_OBJC_ROOT_CLASS = YES_ERROR;
				CLANG_WARN_SUSPICIOUS_MOVE = YES;
				CLANG_WARN_UNREACHABLE_CODE = YES;
				CLANG_WARN__DUPLICATE_METHOD_MATCH = YES;
				"CODE_SIGN_IDENTITY[sdk=iphoneos*]" = "iPhone Developer";
				COPY_PHASE_STRIP = NO;
				DEBUG_INFORMATION_FORMAT = "dwarf-with-dsym";
				ENABLE_NS_ASSERTIONS = NO;
				ENABLE_STRICT_OBJC_MSGSEND = YES;
				GCC_C_LANGUAGE_STANDARD = gnu99;
				GCC_NO_COMMON_BLOCKS = YES;
				GCC_WARN_64_TO_32_BIT_CONVERSION = YES;
				GCC_WARN_ABOUT_RETURN_TYPE = YES_ERROR;
				GCC_WARN_UNDECLARED_SELECTOR = YES;
				GCC_WARN_UNINITIALIZED_AUTOS = YES_AGGRESSIVE;
				GCC_WARN_UNUSED_FUNCTION = YES;
				GCC_WARN_UNUSED_VARIABLE = YES;
				IPHONEOS_DEPLOYMENT_TARGET = 10.3;
				MTL_ENABLE_DEBUG_INFO = NO;
				SDKROOT = iphoneos;
				SWIFT_OPTIMIZATION_LEVEL = "-Owholemodule";
				TARGETED_DEVICE_FAMILY = "1,2";
				VALIDATE_PRODUCT = YES;
			};
			name = Release;
		};
		14ED851F1F748ED400C005EE /* Debug */ = {
			isa = XCBuildConfiguration;
			buildSettings = {
				ASSETCATALOG_COMPILER_APPICON_NAME = AppIcon;
				INFOPLIST_FILE = myCats/Info.plist;
				LD_RUNPATH_SEARCH_PATHS = "$(inherited) @executable_path/Frameworks";
				PRODUCT_BUNDLE_IDENTIFIER = imronha.myCats;
				PRODUCT_NAME = "$(TARGET_NAME)";
				SWIFT_VERSION = 3.0;
			};
			name = Debug;
		};
		14ED85201F748ED400C005EE /* Release */ = {
			isa = XCBuildConfiguration;
			buildSettings = {
				ASSETCATALOG_COMPILER_APPICON_NAME = AppIcon;
				INFOPLIST_FILE = myCats/Info.plist;
				LD_RUNPATH_SEARCH_PATHS = "$(inherited) @executable_path/Frameworks";
				PRODUCT_BUNDLE_IDENTIFIER = imronha.myCats;
				PRODUCT_NAME = "$(TARGET_NAME)";
				SWIFT_VERSION = 3.0;
			};
			name = Release;
		};
		14ED85221F748ED400C005EE /* Debug */ = {
			isa = XCBuildConfiguration;
			buildSettings = {
				ALWAYS_EMBED_SWIFT_STANDARD_LIBRARIES = YES;
				BUNDLE_LOADER = "$(TEST_HOST)";
				INFOPLIST_FILE = myCatsTests/Info.plist;
				LD_RUNPATH_SEARCH_PATHS = "$(inherited) @executable_path/Frameworks @loader_path/Frameworks";
				PRODUCT_BUNDLE_IDENTIFIER = imronha.myCatsTests;
				PRODUCT_NAME = "$(TARGET_NAME)";
				SWIFT_VERSION = 3.0;
				TEST_HOST = "$(BUILT_PRODUCTS_DIR)/myCats.app/myCats";
			};
			name = Debug;
		};
		14ED85231F748ED400C005EE /* Release */ = {
			isa = XCBuildConfiguration;
			buildSettings = {
				ALWAYS_EMBED_SWIFT_STANDARD_LIBRARIES = YES;
				BUNDLE_LOADER = "$(TEST_HOST)";
				INFOPLIST_FILE = myCatsTests/Info.plist;
				LD_RUNPATH_SEARCH_PATHS = "$(inherited) @executable_path/Frameworks @loader_path/Frameworks";
				PRODUCT_BUNDLE_IDENTIFIER = imronha.myCatsTests;
				PRODUCT_NAME = "$(TARGET_NAME)";
				SWIFT_VERSION = 3.0;
				TEST_HOST = "$(BUILT_PRODUCTS_DIR)/myCats.app/myCats";
			};
			name = Release;
		};
		14ED85251F748ED400C005EE /* Debug */ = {
			isa = XCBuildConfiguration;
			buildSettings = {
				ALWAYS_EMBED_SWIFT_STANDARD_LIBRARIES = YES;
				INFOPLIST_FILE = myCatsUITests/Info.plist;
				LD_RUNPATH_SEARCH_PATHS = "$(inherited) @executable_path/Frameworks @loader_path/Frameworks";
				PRODUCT_BUNDLE_IDENTIFIER = imronha.myCatsUITests;
				PRODUCT_NAME = "$(TARGET_NAME)";
				SWIFT_VERSION = 3.0;
				TEST_TARGET_NAME = myCats;
			};
			name = Debug;
		};
		14ED85261F748ED400C005EE /* Release */ = {
			isa = XCBuildConfiguration;
			buildSettings = {
				ALWAYS_EMBED_SWIFT_STANDARD_LIBRARIES = YES;
				INFOPLIST_FILE = myCatsUITests/Info.plist;
				LD_RUNPATH_SEARCH_PATHS = "$(inherited) @executable_path/Frameworks @loader_path/Frameworks";
				PRODUCT_BUNDLE_IDENTIFIER = imronha.myCatsUITests;
				PRODUCT_NAME = "$(TARGET_NAME)";
				SWIFT_VERSION = 3.0;
				TEST_TARGET_NAME = myCats;
			};
			name = Release;
		};
/* End XCBuildConfiguration section */

/* Begin XCConfigurationList section */
		14ED84EE1F748ED300C005EE /* Build configuration list for PBXProject "myCats" */ = {
			isa = XCConfigurationList;
			buildConfigurations = (
				14ED851C1F748ED400C005EE /* Debug */,
				14ED851D1F748ED400C005EE /* Release */,
			);
			defaultConfigurationIsVisible = 0;
			defaultConfigurationName = Release;
		};
		14ED851E1F748ED400C005EE /* Build configuration list for PBXNativeTarget "myCats" */ = {
			isa = XCConfigurationList;
			buildConfigurations = (
				14ED851F1F748ED400C005EE /* Debug */,
				14ED85201F748ED400C005EE /* Release */,
			);
			defaultConfigurationIsVisible = 0;
		};
		14ED85211F748ED400C005EE /* Build configuration list for PBXNativeTarget "myCatsTests" */ = {
			isa = XCConfigurationList;
			buildConfigurations = (
				14ED85221F748ED400C005EE /* Debug */,
				14ED85231F748ED400C005EE /* Release */,
			);
			defaultConfigurationIsVisible = 0;
		};
		14ED85241F748ED400C005EE /* Build configuration list for PBXNativeTarget "myCatsUITests" */ = {
			isa = XCConfigurationList;
			buildConfigurations = (
				14ED85251F748ED400C005EE /* Debug */,
				14ED85261F748ED400C005EE /* Release */,
			);
			defaultConfigurationIsVisible = 0;
		};
/* End XCConfigurationList section */

/* Begin XCVersionGroup section */
		14ED84FD1F748ED400C005EE /* myCats.xcdatamodeld */ = {
			isa = XCVersionGroup;
			children = (
				14ED84FE1F748ED400C005EE /* myCats.xcdatamodel */,
			);
			currentVersion = 14ED84FE1F748ED400C005EE /* myCats.xcdatamodel */;
			path = myCats.xcdatamodeld;
			sourceTree = "<group>";
			versionGroupType = wrapper.xcdatamodel;
		};
/* End XCVersionGroup section */
	};
	rootObject = 14ED84EB1F748ED300C005EE /* Project object */;
}
