// !$*UTF8*$!
{
	archiveVersion = 1;
	classes = {
	};
	objectVersion = 46;
	objects = {

/* Begin PBXBuildFile section */
		14D20EAD1F70804000E0874C /* AppDelegate.swift in Sources */ = {isa = PBXBuildFile; fileRef = 14D20EAC1F70804000E0874C /* AppDelegate.swift */; };
		14D20EAF1F70804000E0874C /* ViewController.swift in Sources */ = {isa = PBXBuildFile; fileRef = 14D20EAE1F70804000E0874C /* ViewController.swift */; };
		14D20EB21F70804000E0874C /* Main.storyboard in Resources */ = {isa = PBXBuildFile; fileRef = 14D20EB01F70804000E0874C /* Main.storyboard */; };
		14D20EB51F70804000E0874C /* myDogs.xcdatamodeld in Sources */ = {isa = PBXBuildFile; fileRef = 14D20EB31F70804000E0874C /* myDogs.xcdatamodeld */; };
		14D20EB71F70804000E0874C /* Assets.xcassets in Resources */ = {isa = PBXBuildFile; fileRef = 14D20EB61F70804000E0874C /* Assets.xcassets */; };
		14D20EBA1F70804000E0874C /* LaunchScreen.storyboard in Resources */ = {isa = PBXBuildFile; fileRef = 14D20EB81F70804000E0874C /* LaunchScreen.storyboard */; };
		14D20EC51F70804000E0874C /* myDogsTests.swift in Sources */ = {isa = PBXBuildFile; fileRef = 14D20EC41F70804000E0874C /* myDogsTests.swift */; };
		14D20ED01F70804000E0874C /* myDogsUITests.swift in Sources */ = {isa = PBXBuildFile; fileRef = 14D20ECF1F70804000E0874C /* myDogsUITests.swift */; };
		14D20EDE1F7083BF00E0874C /* AddDogViewController.swift in Sources */ = {isa = PBXBuildFile; fileRef = 14D20EDD1F7083BF00E0874C /* AddDogViewController.swift */; };
		14D20EE01F70843400E0874C /* DogDelegate.swift in Sources */ = {isa = PBXBuildFile; fileRef = 14D20EDF1F70843400E0874C /* DogDelegate.swift */; };
/* End PBXBuildFile section */

/* Begin PBXContainerItemProxy section */
		14D20EC11F70804000E0874C /* PBXContainerItemProxy */ = {
			isa = PBXContainerItemProxy;
			containerPortal = 14D20EA11F70804000E0874C /* Project object */;
			proxyType = 1;
			remoteGlobalIDString = 14D20EA81F70804000E0874C;
			remoteInfo = myDogs;
		};
		14D20ECC1F70804000E0874C /* PBXContainerItemProxy */ = {
			isa = PBXContainerItemProxy;
			containerPortal = 14D20EA11F70804000E0874C /* Project object */;
			proxyType = 1;
			remoteGlobalIDString = 14D20EA81F70804000E0874C;
			remoteInfo = myDogs;
		};
/* End PBXContainerItemProxy section */

/* Begin PBXFileReference section */
		14D20EA91F70804000E0874C /* myDogs.app */ = {isa = PBXFileReference; explicitFileType = wrapper.application; includeInIndex = 0; path = myDogs.app; sourceTree = BUILT_PRODUCTS_DIR; };
		14D20EAC1F70804000E0874C /* AppDelegate.swift */ = {isa = PBXFileReference; lastKnownFileType = sourcecode.swift; path = AppDelegate.swift; sourceTree = "<group>"; };
		14D20EAE1F70804000E0874C /* ViewController.swift */ = {isa = PBXFileReference; lastKnownFileType = sourcecode.swift; path = ViewController.swift; sourceTree = "<group>"; };
		14D20EB11F70804000E0874C /* Base */ = {isa = PBXFileReference; lastKnownFileType = file.storyboard; name = Base; path = Base.lproj/Main.storyboard; sourceTree = "<group>"; };
		14D20EB41F70804000E0874C /* myDogs.xcdatamodel */ = {isa = PBXFileReference; lastKnownFileType = wrapper.xcdatamodel; path = myDogs.xcdatamodel; sourceTree = "<group>"; };
		14D20EB61F70804000E0874C /* Assets.xcassets */ = {isa = PBXFileReference; lastKnownFileType = folder.assetcatalog; path = Assets.xcassets; sourceTree = "<group>"; };
		14D20EB91F70804000E0874C /* Base */ = {isa = PBXFileReference; lastKnownFileType = file.storyboard; name = Base; path = Base.lproj/LaunchScreen.storyboard; sourceTree = "<group>"; };
		14D20EBB1F70804000E0874C /* Info.plist */ = {isa = PBXFileReference; lastKnownFileType = text.plist.xml; path = Info.plist; sourceTree = "<group>"; };
		14D20EC01F70804000E0874C /* myDogsTests.xctest */ = {isa = PBXFileReference; explicitFileType = wrapper.cfbundle; includeInIndex = 0; path = myDogsTests.xctest; sourceTree = BUILT_PRODUCTS_DIR; };
		14D20EC41F70804000E0874C /* myDogsTests.swift */ = {isa = PBXFileReference; lastKnownFileType = sourcecode.swift; path = myDogsTests.swift; sourceTree = "<group>"; };
		14D20EC61F70804000E0874C /* Info.plist */ = {isa = PBXFileReference; lastKnownFileType = text.plist.xml; path = Info.plist; sourceTree = "<group>"; };
		14D20ECB1F70804000E0874C /* myDogsUITests.xctest */ = {isa = PBXFileReference; explicitFileType = wrapper.cfbundle; includeInIndex = 0; path = myDogsUITests.xctest; sourceTree = BUILT_PRODUCTS_DIR; };
		14D20ECF1F70804000E0874C /* myDogsUITests.swift */ = {isa = PBXFileReference; lastKnownFileType = sourcecode.swift; path = myDogsUITests.swift; sourceTree = "<group>"; };
		14D20ED11F70804000E0874C /* Info.plist */ = {isa = PBXFileReference; lastKnownFileType = text.plist.xml; path = Info.plist; sourceTree = "<group>"; };
		14D20EDD1F7083BF00E0874C /* AddDogViewController.swift */ = {isa = PBXFileReference; fileEncoding = 4; lastKnownFileType = sourcecode.swift; path = AddDogViewController.swift; sourceTree = "<group>"; };
		14D20EDF1F70843400E0874C /* DogDelegate.swift */ = {isa = PBXFileReference; fileEncoding = 4; lastKnownFileType = sourcecode.swift; path = DogDelegate.swift; sourceTree = "<group>"; };
/* End PBXFileReference section */

/* Begin PBXFrameworksBuildPhase section */
		14D20EA61F70804000E0874C /* Frameworks */ = {
			isa = PBXFrameworksBuildPhase;
			buildActionMask = 2147483647;
			files = (
			);
			runOnlyForDeploymentPostprocessing = 0;
		};
		14D20EBD1F70804000E0874C /* Frameworks */ = {
			isa = PBXFrameworksBuildPhase;
			buildActionMask = 2147483647;
			files = (
			);
			runOnlyForDeploymentPostprocessing = 0;
		};
		14D20EC81F70804000E0874C /* Frameworks */ = {
			isa = PBXFrameworksBuildPhase;
			buildActionMask = 2147483647;
			files = (
			);
			runOnlyForDeploymentPostprocessing = 0;
		};
/* End PBXFrameworksBuildPhase section */

/* Begin PBXGroup section */
		14D20EA01F70804000E0874C = {
			isa = PBXGroup;
			children = (
				14D20EAB1F70804000E0874C /* myDogs */,
				14D20EC31F70804000E0874C /* myDogsTests */,
				14D20ECE1F70804000E0874C /* myDogsUITests */,
				14D20EAA1F70804000E0874C /* Products */,
			);
			sourceTree = "<group>";
		};
		14D20EAA1F70804000E0874C /* Products */ = {
			isa = PBXGroup;
			children = (
				14D20EA91F70804000E0874C /* myDogs.app */,
				14D20EC01F70804000E0874C /* myDogsTests.xctest */,
				14D20ECB1F70804000E0874C /* myDogsUITests.xctest */,
			);
			name = Products;
			sourceTree = "<group>";
		};
		14D20EAB1F70804000E0874C /* myDogs */ = {
			isa = PBXGroup;
			children = (
				14D20EAC1F70804000E0874C /* AppDelegate.swift */,
				14D20EAE1F70804000E0874C /* ViewController.swift */,
				14D20EB01F70804000E0874C /* Main.storyboard */,
				14D20EDF1F70843400E0874C /* DogDelegate.swift */,
				14D20EDD1F7083BF00E0874C /* AddDogViewController.swift */,
				14D20EB61F70804000E0874C /* Assets.xcassets */,
				14D20EB81F70804000E0874C /* LaunchScreen.storyboard */,
				14D20EBB1F70804000E0874C /* Info.plist */,
				14D20EB31F70804000E0874C /* myDogs.xcdatamodeld */,
			);
			path = myDogs;
			sourceTree = "<group>";
		};
		14D20EC31F70804000E0874C /* myDogsTests */ = {
			isa = PBXGroup;
			children = (
				14D20EC41F70804000E0874C /* myDogsTests.swift */,
				14D20EC61F70804000E0874C /* Info.plist */,
			);
			path = myDogsTests;
			sourceTree = "<group>";
		};
		14D20ECE1F70804000E0874C /* myDogsUITests */ = {
			isa = PBXGroup;
			children = (
				14D20ECF1F70804000E0874C /* myDogsUITests.swift */,
				14D20ED11F70804000E0874C /* Info.plist */,
			);
			path = myDogsUITests;
			sourceTree = "<group>";
		};
/* End PBXGroup section */

/* Begin PBXNativeTarget section */
		14D20EA81F70804000E0874C /* myDogs */ = {
			isa = PBXNativeTarget;
			buildConfigurationList = 14D20ED41F70804000E0874C /* Build configuration list for PBXNativeTarget "myDogs" */;
			buildPhases = (
				14D20EA51F70804000E0874C /* Sources */,
				14D20EA61F70804000E0874C /* Frameworks */,
				14D20EA71F70804000E0874C /* Resources */,
			);
			buildRules = (
			);
			dependencies = (
			);
			name = myDogs;
			productName = myDogs;
			productReference = 14D20EA91F70804000E0874C /* myDogs.app */;
			productType = "com.apple.product-type.application";
		};
		14D20EBF1F70804000E0874C /* myDogsTests */ = {
			isa = PBXNativeTarget;
			buildConfigurationList = 14D20ED71F70804000E0874C /* Build configuration list for PBXNativeTarget "myDogsTests" */;
			buildPhases = (
				14D20EBC1F70804000E0874C /* Sources */,
				14D20EBD1F70804000E0874C /* Frameworks */,
				14D20EBE1F70804000E0874C /* Resources */,
			);
			buildRules = (
			);
			dependencies = (
				14D20EC21F70804000E0874C /* PBXTargetDependency */,
			);
			name = myDogsTests;
			productName = myDogsTests;
			productReference = 14D20EC01F70804000E0874C /* myDogsTests.xctest */;
			productType = "com.apple.product-type.bundle.unit-test";
		};
		14D20ECA1F70804000E0874C /* myDogsUITests */ = {
			isa = PBXNativeTarget;
			buildConfigurationList = 14D20EDA1F70804000E0874C /* Build configuration list for PBXNativeTarget "myDogsUITests" */;
			buildPhases = (
				14D20EC71F70804000E0874C /* Sources */,
				14D20EC81F70804000E0874C /* Frameworks */,
				14D20EC91F70804000E0874C /* Resources */,
			);
			buildRules = (
			);
			dependencies = (
				14D20ECD1F70804000E0874C /* PBXTargetDependency */,
			);
			name = myDogsUITests;
			productName = myDogsUITests;
			productReference = 14D20ECB1F70804000E0874C /* myDogsUITests.xctest */;
			productType = "com.apple.product-type.bundle.ui-testing";
		};
/* End PBXNativeTarget section */

/* Begin PBXProject section */
		14D20EA11F70804000E0874C /* Project object */ = {
			isa = PBXProject;
			attributes = {
				LastSwiftUpdateCheck = 0830;
				LastUpgradeCheck = 0830;
				ORGANIZATIONNAME = "Imron Hajiahmad";
				TargetAttributes = {
					14D20EA81F70804000E0874C = {
						CreatedOnToolsVersion = 8.3.3;
						ProvisioningStyle = Automatic;
					};
					14D20EBF1F70804000E0874C = {
						CreatedOnToolsVersion = 8.3.3;
						ProvisioningStyle = Automatic;
						TestTargetID = 14D20EA81F70804000E0874C;
					};
					14D20ECA1F70804000E0874C = {
						CreatedOnToolsVersion = 8.3.3;
						ProvisioningStyle = Automatic;
						TestTargetID = 14D20EA81F70804000E0874C;
					};
				};
			};
			buildConfigurationList = 14D20EA41F70804000E0874C /* Build configuration list for PBXProject "myDogs" */;
			compatibilityVersion = "Xcode 3.2";
			developmentRegion = English;
			hasScannedForEncodings = 0;
			knownRegions = (
				en,
				Base,
			);
			mainGroup = 14D20EA01F70804000E0874C;
			productRefGroup = 14D20EAA1F70804000E0874C /* Products */;
			projectDirPath = "";
			projectRoot = "";
			targets = (
				14D20EA81F70804000E0874C /* myDogs */,
				14D20EBF1F70804000E0874C /* myDogsTests */,
				14D20ECA1F70804000E0874C /* myDogsUITests */,
			);
		};
/* End PBXProject section */

/* Begin PBXResourcesBuildPhase section */
		14D20EA71F70804000E0874C /* Resources */ = {
			isa = PBXResourcesBuildPhase;
			buildActionMask = 2147483647;
			files = (
				14D20EBA1F70804000E0874C /* LaunchScreen.storyboard in Resources */,
				14D20EB71F70804000E0874C /* Assets.xcassets in Resources */,
				14D20EB21F70804000E0874C /* Main.storyboard in Resources */,
			);
			runOnlyForDeploymentPostprocessing = 0;
		};
		14D20EBE1F70804000E0874C /* Resources */ = {
			isa = PBXResourcesBuildPhase;
			buildActionMask = 2147483647;
			files = (
			);
			runOnlyForDeploymentPostprocessing = 0;
		};
		14D20EC91F70804000E0874C /* Resources */ = {
			isa = PBXResourcesBuildPhase;
			buildActionMask = 2147483647;
			files = (
			);
			runOnlyForDeploymentPostprocessing = 0;
		};
/* End PBXResourcesBuildPhase section */

/* Begin PBXSourcesBuildPhase section */
		14D20EA51F70804000E0874C /* Sources */ = {
			isa = PBXSourcesBuildPhase;
			buildActionMask = 2147483647;
			files = (
				14D20EAF1F70804000E0874C /* ViewController.swift in Sources */,
				14D20EAD1F70804000E0874C /* AppDelegate.swift in Sources */,
				14D20EB51F70804000E0874C /* myDogs.xcdatamodeld in Sources */,
				14D20EE01F70843400E0874C /* DogDelegate.swift in Sources */,
				14D20EDE1F7083BF00E0874C /* AddDogViewController.swift in Sources */,
			);
			runOnlyForDeploymentPostprocessing = 0;
		};
		14D20EBC1F70804000E0874C /* Sources */ = {
			isa = PBXSourcesBuildPhase;
			buildActionMask = 2147483647;
			files = (
				14D20EC51F70804000E0874C /* myDogsTests.swift in Sources */,
			);
			runOnlyForDeploymentPostprocessing = 0;
		};
		14D20EC71F70804000E0874C /* Sources */ = {
			isa = PBXSourcesBuildPhase;
			buildActionMask = 2147483647;
			files = (
				14D20ED01F70804000E0874C /* myDogsUITests.swift in Sources */,
			);
			runOnlyForDeploymentPostprocessing = 0;
		};
/* End PBXSourcesBuildPhase section */

/* Begin PBXTargetDependency section */
		14D20EC21F70804000E0874C /* PBXTargetDependency */ = {
			isa = PBXTargetDependency;
			target = 14D20EA81F70804000E0874C /* myDogs */;
			targetProxy = 14D20EC11F70804000E0874C /* PBXContainerItemProxy */;
		};
		14D20ECD1F70804000E0874C /* PBXTargetDependency */ = {
			isa = PBXTargetDependency;
			target = 14D20EA81F70804000E0874C /* myDogs */;
			targetProxy = 14D20ECC1F70804000E0874C /* PBXContainerItemProxy */;
		};
/* End PBXTargetDependency section */

/* Begin PBXVariantGroup section */
		14D20EB01F70804000E0874C /* Main.storyboard */ = {
			isa = PBXVariantGroup;
			children = (
				14D20EB11F70804000E0874C /* Base */,
			);
			name = Main.storyboard;
			sourceTree = "<group>";
		};
		14D20EB81F70804000E0874C /* LaunchScreen.storyboard */ = {
			isa = PBXVariantGroup;
			children = (
				14D20EB91F70804000E0874C /* Base */,
			);
			name = LaunchScreen.storyboard;
			sourceTree = "<group>";
		};
/* End PBXVariantGroup section */

/* Begin XCBuildConfiguration section */
		14D20ED21F70804000E0874C /* Debug */ = {
			isa = XCBuildConfiguration;
			buildSettings = {
				ALWAYS_SEARCH_USER_PATHS = NO;
				CLANG_ANALYZER_NONNULL = YES;
				CLANG_ANALYZER_NUMBER_OBJECT_CONVERSION = YES_AGGRESSIVE;
				CLANG_CXX_LANGUAGE_STANDARD = "gnu++0x";
				CLANG_CXX_LIBRARY = "libc++";
				CLANG_ENABLE_MODULES = YES;
				CLANG_ENABLE_OBJC_ARC = YES;
				CLANG_WARN_BOOL_CONVERSION = YES;
				CLANG_WARN_CONSTANT_CONVERSION = YES;
				CLANG_WARN_DIRECT_OBJC_ISA_USAGE = YES_ERROR;
				CLANG_WARN_DOCUMENTATION_COMMENTS = YES;
				CLANG_WARN_EMPTY_BODY = YES;
				CLANG_WARN_ENUM_CONVERSION = YES;
				CLANG_WARN_INFINITE_RECURSION = YES;
				CLANG_WARN_INT_CONVERSION = YES;
				CLANG_WARN_OBJC_ROOT_CLASS = YES_ERROR;
				CLANG_WARN_SUSPICIOUS_MOVE = YES;
				CLANG_WARN_UNREACHABLE_CODE = YES;
				CLANG_WARN__DUPLICATE_METHOD_MATCH = YES;
				"CODE_SIGN_IDENTITY[sdk=iphoneos*]" = "iPhone Developer";
				COPY_PHASE_STRIP = NO;
				DEBUG_INFORMATION_FORMAT = dwarf;
				ENABLE_STRICT_OBJC_MSGSEND = YES;
				ENABLE_TESTABILITY = YES;
				GCC_C_LANGUAGE_STANDARD = gnu99;
				GCC_DYNAMIC_NO_PIC = NO;
				GCC_NO_COMMON_BLOCKS = YES;
				GCC_OPTIMIZATION_LEVEL = 0;
				GCC_PREPROCESSOR_DEFINITIONS = (
					"DEBUG=1",
					"$(inherited)",
				);
				GCC_WARN_64_TO_32_BIT_CONVERSION = YES;
				GCC_WARN_ABOUT_RETURN_TYPE = YES_ERROR;
				GCC_WARN_UNDECLARED_SELECTOR = YES;
				GCC_WARN_UNINITIALIZED_AUTOS = YES_AGGRESSIVE;
				GCC_WARN_UNUSED_FUNCTION = YES;
				GCC_WARN_UNUSED_VARIABLE = YES;
				IPHONEOS_DEPLOYMENT_TARGET = 10.3;
				MTL_ENABLE_DEBUG_INFO = YES;
				ONLY_ACTIVE_ARCH = YES;
				SDKROOT = iphoneos;
				SWIFT_ACTIVE_COMPILATION_CONDITIONS = DEBUG;
				SWIFT_OPTIMIZATION_LEVEL = "-Onone";
				TARGETED_DEVICE_FAMILY = "1,2";
			};
			name = Debug;
		};
		14D20ED31F70804000E0874C /* Release */ = {
			isa = XCBuildConfiguration;
			buildSettings = {
				ALWAYS_SEARCH_USER_PATHS = NO;
				CLANG_ANALYZER_NONNULL = YES;
				CLANG_ANALYZER_NUMBER_OBJECT_CONVERSION = YES_AGGRESSIVE;
				CLANG_CXX_LANGUAGE_STANDARD = "gnu++0x";
				CLANG_CXX_LIBRARY = "libc++";
				CLANG_ENABLE_MODULES = YES;
				CLANG_ENABLE_OBJC_ARC = YES;
				CLANG_WARN_BOOL_CONVERSION = YES;
				CLANG_WARN_CONSTANT_CONVERSION = YES;
				CLANG_WARN_DIRECT_OBJC_ISA_USAGE = YES_ERROR;
				CLANG_WARN_DOCUMENTATION_COMMENTS = YES;
				CLANG_WARN_EMPTY_BODY = YES;
				CLANG_WARN_ENUM_CONVERSION = YES;
				CLANG_WARN_INFINITE_RECURSION = YES;
				CLANG_WARN_INT_CONVERSION = YES;
				CLANG_WARN_OBJC_ROOT_CLASS = YES_ERROR;
				CLANG_WARN_SUSPICIOUS_MOVE = YES;
				CLANG_WARN_UNREACHABLE_CODE = YES;
				CLANG_WARN__DUPLICATE_METHOD_MATCH = YES;
				"CODE_SIGN_IDENTITY[sdk=iphoneos*]" = "iPhone Developer";
				COPY_PHASE_STRIP = NO;
				DEBUG_INFORMATION_FORMAT = "dwarf-with-dsym";
				ENABLE_NS_ASSERTIONS = NO;
				ENABLE_STRICT_OBJC_MSGSEND = YES;
				GCC_C_LANGUAGE_STANDARD = gnu99;
				GCC_NO_COMMON_BLOCKS = YES;
				GCC_WARN_64_TO_32_BIT_CONVERSION = YES;
				GCC_WARN_ABOUT_RETURN_TYPE = YES_ERROR;
				GCC_WARN_UNDECLARED_SELECTOR = YES;
				GCC_WARN_UNINITIALIZED_AUTOS = YES_AGGRESSIVE;
				GCC_WARN_UNUSED_FUNCTION = YES;
				GCC_WARN_UNUSED_VARIABLE = YES;
				IPHONEOS_DEPLOYMENT_TARGET = 10.3;
				MTL_ENABLE_DEBUG_INFO = NO;
				SDKROOT = iphoneos;
				SWIFT_OPTIMIZATION_LEVEL = "-Owholemodule";
				TARGETED_DEVICE_FAMILY = "1,2";
				VALIDATE_PRODUCT = YES;
			};
			name = Release;
		};
		14D20ED51F70804000E0874C /* Debug */ = {
			isa = XCBuildConfiguration;
			buildSettings = {
				ASSETCATALOG_COMPILER_APPICON_NAME = AppIcon;
				INFOPLIST_FILE = myDogs/Info.plist;
				LD_RUNPATH_SEARCH_PATHS = "$(inherited) @executable_path/Frameworks";
				PRODUCT_BUNDLE_IDENTIFIER = imronha.myDogs;
				PRODUCT_NAME = "$(TARGET_NAME)";
				SWIFT_VERSION = 3.0;
			};
			name = Debug;
		};
		14D20ED61F70804000E0874C /* Release */ = {
			isa = XCBuildConfiguration;
			buildSettings = {
				ASSETCATALOG_COMPILER_APPICON_NAME = AppIcon;
				INFOPLIST_FILE = myDogs/Info.plist;
				LD_RUNPATH_SEARCH_PATHS = "$(inherited) @executable_path/Frameworks";
				PRODUCT_BUNDLE_IDENTIFIER = imronha.myDogs;
				PRODUCT_NAME = "$(TARGET_NAME)";
				SWIFT_VERSION = 3.0;
			};
			name = Release;
		};
		14D20ED81F70804000E0874C /* Debug */ = {
			isa = XCBuildConfiguration;
			buildSettings = {
				ALWAYS_EMBED_SWIFT_STANDARD_LIBRARIES = YES;
				BUNDLE_LOADER = "$(TEST_HOST)";
				INFOPLIST_FILE = myDogsTests/Info.plist;
				LD_RUNPATH_SEARCH_PATHS = "$(inherited) @executable_path/Frameworks @loader_path/Frameworks";
				PRODUCT_BUNDLE_IDENTIFIER = imronha.myDogsTests;
				PRODUCT_NAME = "$(TARGET_NAME)";
				SWIFT_VERSION = 3.0;
				TEST_HOST = "$(BUILT_PRODUCTS_DIR)/myDogs.app/myDogs";
			};
			name = Debug;
		};
		14D20ED91F70804000E0874C /* Release */ = {
			isa = XCBuildConfiguration;
			buildSettings = {
				ALWAYS_EMBED_SWIFT_STANDARD_LIBRARIES = YES;
				BUNDLE_LOADER = "$(TEST_HOST)";
				INFOPLIST_FILE = myDogsTests/Info.plist;
				LD_RUNPATH_SEARCH_PATHS = "$(inherited) @executable_path/Frameworks @loader_path/Frameworks";
				PRODUCT_BUNDLE_IDENTIFIER = imronha.myDogsTests;
				PRODUCT_NAME = "$(TARGET_NAME)";
				SWIFT_VERSION = 3.0;
				TEST_HOST = "$(BUILT_PRODUCTS_DIR)/myDogs.app/myDogs";
			};
			name = Release;
		};
		14D20EDB1F70804000E0874C /* Debug */ = {
			isa = XCBuildConfiguration;
			buildSettings = {
				ALWAYS_EMBED_SWIFT_STANDARD_LIBRARIES = YES;
				INFOPLIST_FILE = myDogsUITests/Info.plist;
				LD_RUNPATH_SEARCH_PATHS = "$(inherited) @executable_path/Frameworks @loader_path/Frameworks";
				PRODUCT_BUNDLE_IDENTIFIER = imronha.myDogsUITests;
				PRODUCT_NAME = "$(TARGET_NAME)";
				SWIFT_VERSION = 3.0;
				TEST_TARGET_NAME = myDogs;
			};
			name = Debug;
		};
		14D20EDC1F70804000E0874C /* Release */ = {
			isa = XCBuildConfiguration;
			buildSettings = {
				ALWAYS_EMBED_SWIFT_STANDARD_LIBRARIES = YES;
				INFOPLIST_FILE = myDogsUITests/Info.plist;
				LD_RUNPATH_SEARCH_PATHS = "$(inherited) @executable_path/Frameworks @loader_path/Frameworks";
				PRODUCT_BUNDLE_IDENTIFIER = imronha.myDogsUITests;
				PRODUCT_NAME = "$(TARGET_NAME)";
				SWIFT_VERSION = 3.0;
				TEST_TARGET_NAME = myDogs;
			};
			name = Release;
		};
/* End XCBuildConfiguration section */

/* Begin XCConfigurationList section */
		14D20EA41F70804000E0874C /* Build configuration list for PBXProject "myDogs" */ = {
			isa = XCConfigurationList;
			buildConfigurations = (
				14D20ED21F70804000E0874C /* Debug */,
				14D20ED31F70804000E0874C /* Release */,
			);
			defaultConfigurationIsVisible = 0;
			defaultConfigurationName = Release;
		};
		14D20ED41F70804000E0874C /* Build configuration list for PBXNativeTarget "myDogs" */ = {
			isa = XCConfigurationList;
			buildConfigurations = (
				14D20ED51F70804000E0874C /* Debug */,
				14D20ED61F70804000E0874C /* Release */,
			);
			defaultConfigurationIsVisible = 0;
		};
		14D20ED71F70804000E0874C /* Build configuration list for PBXNativeTarget "myDogsTests" */ = {
			isa = XCConfigurationList;
			buildConfigurations = (
				14D20ED81F70804000E0874C /* Debug */,
				14D20ED91F70804000E0874C /* Release */,
			);
			defaultConfigurationIsVisible = 0;
		};
		14D20EDA1F70804000E0874C /* Build configuration list for PBXNativeTarget "myDogsUITests" */ = {
			isa = XCConfigurationList;
			buildConfigurations = (
				14D20EDB1F70804000E0874C /* Debug */,
				14D20EDC1F70804000E0874C /* Release */,
			);
			defaultConfigurationIsVisible = 0;
		};
/* End XCConfigurationList section */

/* Begin XCVersionGroup section */
		14D20EB31F70804000E0874C /* myDogs.xcdatamodeld */ = {
			isa = XCVersionGroup;
			children = (
				14D20EB41F70804000E0874C /* myDogs.xcdatamodel */,
			);
			currentVersion = 14D20EB41F70804000E0874C /* myDogs.xcdatamodel */;
			path = myDogs.xcdatamodeld;
			sourceTree = "<group>";
			versionGroupType = wrapper.xcdatamodel;
		};
/* End XCVersionGroup section */
	};
	rootObject = 14D20EA11F70804000E0874C /* Project object */;
}
